
Microsoft Visual Studio Solution File, Format Version 12.00
Project("{FAE04EC0-301F-11D3-BF4B-00C04F79EFBC}") = "FactoryNet", "src\FactoryNet\FactoryNet.csproj", "{60DE81F1-F665-4930-A9A3-2FE61A35179D}"
EndProject
Project("{2150E333-8FDC-42A3-9474-1A3956D46DE8}") = "tests", "tests", "{55B70AE4-3D76-4C93-8C34-3F5B12DEF747}"
EndProject
Project("{FAE04EC0-301F-11D3-BF4B-00C04F79EFBC}") = "FactoryNet.Tests", "FactoryNet.Tests\FactoryNet.Tests.csproj", "{021F2B8B-F7D5-490E-8476-F335A9DA04E5}"
EndProject
Project("{2150E333-8FDC-42A3-9474-1A3956D46DE8}") = "SolutionItems", "SolutionItems", "{A5DED662-E03F-4B5C-8474-8EFABC2A9854}"
ProjectSection(SolutionItems) = preProject
	.gitignore = .gitignore
	README.md = README.md
EndProjectSection
EndProject
Project("{2150E333-8FDC-42A3-9474-1A3956D46DE8}") = "src", "src", "{FADD649E-F407-4358-A7CE-877FEE970BF1}"
EndProject
Global
	GlobalSection(SolutionConfigurationPlatforms) = preSolution
		Debug|Any CPU = Debug|Any CPU
		Release|Any CPU = Release|Any CPU
	EndGlobalSection
	GlobalSection(ProjectConfigurationPlatforms) = postSolution
		{60DE81F1-F665-4930-A9A3-2FE61A35179D}.Debug|Any CPU.ActiveCfg = Debug|Any CPU
		{60DE81F1-F665-4930-A9A3-2FE61A35179D}.Debug|Any CPU.Build.0 = Debug|Any CPU
		{60DE81F1-F665-4930-A9A3-2FE61A35179D}.Release|Any CPU.ActiveCfg = Release|Any CPU
		{60DE81F1-F665-4930-A9A3-2FE61A35179D}.Release|Any CPU.Build.0 = Release|Any CPU
		{021F2B8B-F7D5-490E-8476-F335A9DA04E5}.Debug|Any CPU.ActiveCfg = Debug|Any CPU
		{021F2B8B-F7D5-490E-8476-F335A9DA04E5}.Debug|Any CPU.Build.0 = Debug|Any CPU
		{021F2B8B-F7D5-490E-8476-F335A9DA04E5}.Release|Any CPU.ActiveCfg = Release|Any CPU
		{021F2B8B-F7D5-490E-8476-F335A9DA04E5}.Release|Any CPU.Build.0 = Release|Any CPU
	EndGlobalSection
	GlobalSection(NestedProjects) = preSolution
		{021F2B8B-F7D5-490E-8476-F335A9DA04E5} = {55B70AE4-3D76-4C93-8C34-3F5B12DEF747}
		{60DE81F1-F665-4930-A9A3-2FE61A35179D} = {FADD649E-F407-4358-A7CE-877FEE970BF1}
	EndGlobalSection
EndGlobal
